
Microsoft Visual Studio Solution File, Format Version 12.00
# Visual Studio Version 16
VisualStudioVersion = 16.0.31515.178
MinimumVisualStudioVersion = 10.0.40219.1
Project("{FAE04EC0-301F-11D3-BF4B-00C04F79EFBC}") = "AES_Tool", "AES_Tool\AES_Tool.csproj", "{38F0CB94-8BD8-4056-8453-0A00FB437592}"
EndProject
Global
	GlobalSection(SolutionConfigurationPlatforms) = preSolution
		Debug|Any CPU = Debug|Any CPU
		Release|Any CPU = Release|Any CPU
	EndGlobalSection
	GlobalSection(ProjectConfigurationPlatforms) = postSolution
		{38F0CB94-8BD8-4056-8453-0A00FB437592}.Debug|Any CPU.ActiveCfg = Debug|Any CPU
		{38F0CB94-8BD8-4056-8453-0A00FB437592}.Debug|Any CPU.Build.0 = Debug|Any CPU
		{38F0CB94-8BD8-4056-8453-0A00FB437592}.Release|Any CPU.ActiveCfg = Release|Any CPU
		{38F0CB94-8BD8-4056-8453-0A00FB437592}.Release|Any CPU.Build.0 = Release|Any CPU
	EndGlobalSection
	GlobalSection(SolutionProperties) = preSolution
		HideSolutionNode = FALSE
	EndGlobalSection
	GlobalSection(ExtensibilityGlobals) = postSolution
		SolutionGuid = {5F3E66B6-DDF0-4B16-8F41-7CA8B4316FC4}
	EndGlobalSection
EndGlobal
